{
  "name": "smartapis",
  "version": "1.0.0",
  "lockfileVersion": 1,
  "requires": true,
  "dependencies": {
    "@kyleshockey/js-yaml": {
      "version": "1.0.1",
      "resolved": "https://registry.npmjs.org/@kyleshockey/js-yaml/-/js-yaml-1.0.1.tgz",
      "integrity": "sha512-coFyIk1LvTscq1cUU4nCCfYwv+cmG4fCP+wgDKgYZjhM4f++YwZy+g0k+1tUqa4GuUpBTEOGH2KUqKFFWdT73g==",
      "dev": true,
      "requires": {
        "argparse": "^1.0.7"
      }
    },
    "@kyleshockey/object-assign-deep": {
      "version": "0.4.2",
      "resolved": "https://registry.npmjs.org/@kyleshockey/object-assign-deep/-/object-assign-deep-0.4.2.tgz",
      "integrity": "sha1-hJAPDu/DcnmPR1G1JigwuCCJIuw=",
      "dev": true
    },
    "argparse": {
      "version": "1.0.10",
      "resolved": "https://registry.npmjs.org/argparse/-/argparse-1.0.10.tgz",
      "integrity": "sha512-o5Roy6tNG4SL/FOkCAN6RzjiakZS25RLYFrcMttJqbdd8BWrnA+fGz57iN5Pb06pvBGvl5gQ0B48dJlslXvoTg==",
      "dev": true,
      "requires": {
        "sprintf-js": "~1.0.2"
      }
    },
    "async": {
      "version": "2.6.2",
      "resolved": "https://registry.npmjs.org/async/-/async-2.6.2.tgz",
      "integrity": "sha512-H1qVYh1MYhEEFLsP97cVKqCGo7KfCyTt6uEWqsTBr9SO84oK9Uwbyd/yCW+6rKJLHksBNUVWZDAjfS+Ccx0Bbg==",
      "dev": true,
      "requires": {
        "lodash": "^4.17.11"
      }
    },
    "babel-runtime": {
      "version": "6.26.0",
      "resolved": "https://registry.npmjs.org/babel-runtime/-/babel-runtime-6.26.0.tgz",
      "integrity": "sha1-llxwWGaOgrVde/4E/yM3vItWR/4=",
      "dev": true,
      "requires": {
        "core-js": "^2.4.0",
        "regenerator-runtime": "^0.11.0"
      }
    },
    "balanced-match": {
      "version": "1.0.0",
      "resolved": "https://registry.npmjs.org/balanced-match/-/balanced-match-1.0.0.tgz",
      "integrity": "sha1-ibTRmasr7kneFk6gK4nORi1xt2c=",
      "dev": true
    },
    "base64-js": {
      "version": "1.3.0",
      "resolved": "https://registry.npmjs.org/base64-js/-/base64-js-1.3.0.tgz",
      "integrity": "sha512-ccav/yGvoa80BQDljCxsmmQ3Xvx60/UpBIij5QN21W3wBi/hhIC9OoO+KLpu9IJTS9j4DRVJ3aDDF9cMSoa2lw==",
      "dev": true
    },
    "brace-expansion": {
      "version": "1.1.11",
      "resolved": "https://registry.npmjs.org/brace-expansion/-/brace-expansion-1.1.11.tgz",
      "integrity": "sha512-iCuPHDFgrHX7H2vEI/5xpz07zSHB00TpugqhmYtVmMO6518mCuRMoOYFldEBl0g187ufozdaHgWKcYFb61qGiA==",
      "dev": true,
      "requires": {
        "balanced-match": "^1.0.0",
        "concat-map": "0.0.1"
      }
    },
    "btoa": {
      "version": "1.1.2",
      "resolved": "https://registry.npmjs.org/btoa/-/btoa-1.1.2.tgz",
      "integrity": "sha1-PkC4FmP4HS3WWWpMtxSo3BbPq+A=",
      "dev": true
    },
    "buffer": {
      "version": "5.2.1",
      "resolved": "https://registry.npmjs.org/buffer/-/buffer-5.2.1.tgz",
      "integrity": "sha512-c+Ko0loDaFfuPWiL02ls9Xd3GO3cPVmUobQ6t3rXNUk304u6hGq+8N/kFi+QEIKhzK3uwolVhLzszmfLmMLnqg==",
      "dev": true,
      "requires": {
        "base64-js": "^1.0.2",
        "ieee754": "^1.1.4"
      }
    },
    "combined-stream": {
      "version": "1.0.7",
      "resolved": "https://registry.npmjs.org/combined-stream/-/combined-stream-1.0.7.tgz",
      "integrity": "sha512-brWl9y6vOB1xYPZcpZde3N9zDByXTosAeMDo4p1wzo6UMOX4vumB+TP1RZ76sfE6Md68Q0NJSrE/gbezd4Ul+w==",
      "dev": true,
      "requires": {
        "delayed-stream": "~1.0.0"
      }
    },
    "concat-map": {
      "version": "0.0.1",
      "resolved": "https://registry.npmjs.org/concat-map/-/concat-map-0.0.1.tgz",
      "integrity": "sha1-2Klr13/Wjfd5OnMDajug1UBdR3s=",
      "dev": true
    },
    "cookie": {
      "version": "0.3.1",
      "resolved": "https://registry.npmjs.org/cookie/-/cookie-0.3.1.tgz",
      "integrity": "sha1-5+Ch+e9DtMi6klxcWpboBtFoc7s=",
      "dev": true
    },
    "core-js": {
      "version": "2.6.5",
      "resolved": "https://registry.npmjs.org/core-js/-/core-js-2.6.5.tgz",
      "integrity": "sha512-klh/kDpwX8hryYL14M9w/xei6vrv6sE8gTHDG7/T/+SEovB/G4ejwcfE/CBzO6Edsu+OETZMZ3wcX/EjUkrl5A==",
      "dev": true
    },
    "cross-fetch": {
      "version": "0.0.8",
      "resolved": "https://registry.npmjs.org/cross-fetch/-/cross-fetch-0.0.8.tgz",
      "integrity": "sha1-Ae2U3EB98sAPGAf95wCnz6SKIFw=",
      "dev": true,
      "requires": {
        "node-fetch": "1.7.3",
        "whatwg-fetch": "2.0.3"
      }
    },
    "deep-equal": {
      "version": "1.0.1",
      "resolved": "https://registry.npmjs.org/deep-equal/-/deep-equal-1.0.1.tgz",
      "integrity": "sha1-9dJgKStmDghO/0zbyfCK0yR0SLU=",
      "dev": true
    },
    "deep-extend": {
      "version": "0.5.1",
      "resolved": "https://registry.npmjs.org/deep-extend/-/deep-extend-0.5.1.tgz",
      "integrity": "sha512-N8vBdOa+DF7zkRrDCsaOXoCs/E2fJfx9B9MrKnnSiHNh4ws7eSys6YQE4KvT1cecKmOASYQBhbKjeuDD9lT81w==",
      "dev": true
    },
    "delayed-stream": {
      "version": "1.0.0",
      "resolved": "https://registry.npmjs.org/delayed-stream/-/delayed-stream-1.0.0.tgz",
      "integrity": "sha1-3zrhmayt+31ECqrgsp4icrJOxhk=",
      "dev": true
    },
    "encode-3986": {
      "version": "1.0.0",
      "resolved": "https://registry.npmjs.org/encode-3986/-/encode-3986-1.0.0.tgz",
      "integrity": "sha1-lA1RSY+HQa3hhLda0UObMXwMemA=",
      "dev": true
    },
    "encoding": {
      "version": "0.1.12",
      "resolved": "https://registry.npmjs.org/encoding/-/encoding-0.1.12.tgz",
      "integrity": "sha1-U4tm8+5izRq1HsMjgp0flIDHS+s=",
      "dev": true,
      "requires": {
        "iconv-lite": "~0.4.13"
      }
    },
    "fast-json-patch": {
      "version": "2.1.0",
      "resolved": "https://registry.npmjs.org/fast-json-patch/-/fast-json-patch-2.1.0.tgz",
      "integrity": "sha512-PipOsAKamRw7+CXtKiieehyjUeDVPJ5J7b2kdJYerEf6TSUQoD2ijpVyZ88KQm5YXziff4h762bz3+vzf56khg==",
      "dev": true,
      "requires": {
        "deep-equal": "^1.0.1"
      }
    },
    "form-data": {
      "version": "1.0.1",
      "resolved": "https://registry.npmjs.org/form-data/-/form-data-1.0.1.tgz",
      "integrity": "sha1-rjFduaSQf6BlUCMEpm13M0de43w=",
      "dev": true,
      "requires": {
        "async": "^2.0.1",
        "combined-stream": "^1.0.5",
        "mime-types": "^2.1.11"
      }
    },
    "fs.realpath": {
      "version": "1.0.0",
      "resolved": "https://registry.npmjs.org/fs.realpath/-/fs.realpath-1.0.0.tgz",
      "integrity": "sha1-FQStJSMVjKpA20onh8sBQRmU6k8=",
      "dev": true
    },
    "glob": {
      "version": "7.1.3",
      "resolved": "https://registry.npmjs.org/glob/-/glob-7.1.3.tgz",
      "integrity": "sha512-vcfuiIxogLV4DlGBHIUOwI0IbrJ8HWPc4MU7HzviGeNho/UJDfi6B5p3sHeWIQ0KGIU0Jpxi5ZHxemQfLkkAwQ==",
      "dev": true,
      "requires": {
        "fs.realpath": "^1.0.0",
        "inflight": "^1.0.4",
        "inherits": "2",
        "minimatch": "^3.0.4",
        "once": "^1.3.0",
        "path-is-absolute": "^1.0.0"
      }
    },
    "iconv-lite": {
      "version": "0.4.24",
      "resolved": "https://registry.npmjs.org/iconv-lite/-/iconv-lite-0.4.24.tgz",
      "integrity": "sha512-v3MXnZAcvnywkTUEZomIActle7RXXeedOR31wwl7VlyoXO4Qi9arvSenNQWne1TcRwhCL1HwLI21bEqdpj8/rA==",
      "dev": true,
      "requires": {
        "safer-buffer": ">= 2.1.2 < 3"
      }
    },
    "ieee754": {
      "version": "1.1.13",
      "resolved": "https://registry.npmjs.org/ieee754/-/ieee754-1.1.13.tgz",
      "integrity": "sha512-4vf7I2LYV/HaWerSo3XmlMkp5eZ83i+/CDluXi/IGTs/O1sejBNhTtnxzmRZfvOUqj7lZjqHkeTvpgSFDlWZTg==",
      "dev": true
    },
    "inflight": {
      "version": "1.0.6",
      "resolved": "https://registry.npmjs.org/inflight/-/inflight-1.0.6.tgz",
      "integrity": "sha1-Sb1jMdfQLQwJvJEKEHW6gWW1bfk=",
      "dev": true,
      "requires": {
        "once": "^1.3.0",
        "wrappy": "1"
      }
    },
    "inherits": {
      "version": "2.0.3",
      "resolved": "https://registry.npmjs.org/inherits/-/inherits-2.0.3.tgz",
      "integrity": "sha1-Yzwsg+PaQqUC9SRmAiSA9CCCYd4=",
      "dev": true
    },
    "is-stream": {
      "version": "1.1.0",
      "resolved": "https://registry.npmjs.org/is-stream/-/is-stream-1.1.0.tgz",
      "integrity": "sha1-EtSj3U5o4Lec6428hBc66A2RykQ=",
      "dev": true
    },
    "isomorphic-form-data": {
      "version": "0.0.1",
      "resolved": "https://registry.npmjs.org/isomorphic-form-data/-/isomorphic-form-data-0.0.1.tgz",
      "integrity": "sha1-Am9ifgMrDNhBPsyHVZKLlKRosGI=",
      "dev": true,
      "requires": {
        "form-data": "^1.0.0-rc3"
      }
    },
    "jsonschema": {
      "version": "1.2.4",
      "resolved": "https://registry.npmjs.org/jsonschema/-/jsonschema-1.2.4.tgz",
      "integrity": "sha512-lz1nOH69GbsVHeVgEdvyavc/33oymY1AZwtePMiMj4HZPMbP5OIKK3zT9INMWjwua/V4Z4yq7wSlBbSG+g4AEw==",
      "dev": true
    },
    "jsonschema-draft4": {
      "version": "1.0.0",
      "resolved": "https://registry.npmjs.org/jsonschema-draft4/-/jsonschema-draft4-1.0.0.tgz",
      "integrity": "sha1-8K8gBQVPDwrefqIRhhS2ncUS2GU=",
      "dev": true
    },
    "lodash": {
      "version": "4.17.11",
      "resolved": "https://registry.npmjs.org/lodash/-/lodash-4.17.11.tgz",
      "integrity": "sha512-cQKh8igo5QUhZ7lg38DYWAxMvjSAKG0A8wGSVimP07SIUEK2UO+arSRKbRZWtelMtN5V0Hkwh5ryOto/SshYIg==",
      "dev": true
    },
    "mime-db": {
      "version": "1.38.0",
      "resolved": "https://registry.npmjs.org/mime-db/-/mime-db-1.38.0.tgz",
      "integrity": "sha512-bqVioMFFzc2awcdJZIzR3HjZFX20QhilVS7hytkKrv7xFAn8bM1gzc/FOX2awLISvWe0PV8ptFKcon+wZ5qYkg==",
      "dev": true
    },
    "mime-types": {
      "version": "2.1.22",
      "resolved": "https://registry.npmjs.org/mime-types/-/mime-types-2.1.22.tgz",
      "integrity": "sha512-aGl6TZGnhm/li6F7yx82bJiBZwgiEa4Hf6CNr8YO+r5UHr53tSTYZb102zyU50DOWWKeOv0uQLRL0/9EiKWCog==",
      "dev": true,
      "requires": {
        "mime-db": "~1.38.0"
      }
    },
    "minimatch": {
      "version": "3.0.4",
      "resolved": "https://registry.npmjs.org/minimatch/-/minimatch-3.0.4.tgz",
      "integrity": "sha512-yJHVQEhyqPLUTgt9B83PXu6W3rx4MvvHvSUvToogpwoGDOUQ+yDrR0HRot+yOCdCO7u4hX3pWft6kWBBcqh0UA==",
      "dev": true,
      "requires": {
        "brace-expansion": "^1.1.7"
      }
    },
    "node-fetch": {
      "version": "1.7.3",
      "resolved": "https://registry.npmjs.org/node-fetch/-/node-fetch-1.7.3.tgz",
      "integrity": "sha512-NhZ4CsKx7cYm2vSrBAr2PvFOe6sWDf0UYLRqA6svUYg7+/TSfVAu49jYC4BvQ4Sms9SZgdqGBgroqfDhJdTyKQ==",
      "dev": true,
      "requires": {
        "encoding": "^0.1.11",
        "is-stream": "^1.0.1"
      }
    },
    "once": {
      "version": "1.4.0",
      "resolved": "https://registry.npmjs.org/once/-/once-1.4.0.tgz",
      "integrity": "sha1-WDsap3WWHUsROsF9nFC6753Xa9E=",
      "dev": true,
      "requires": {
        "wrappy": "1"
      }
    },
    "openapi-schema-validation": {
      "version": "0.4.2",
      "resolved": "https://registry.npmjs.org/openapi-schema-validation/-/openapi-schema-validation-0.4.2.tgz",
      "integrity": "sha512-K8LqLpkUf2S04p2Nphq9L+3bGFh/kJypxIG2NVGKX0ffzT4NQI9HirhiY6Iurfej9lCu7y4Ndm4tv+lm86Ck7w==",
      "dev": true,
      "requires": {
        "jsonschema": "1.2.4",
        "jsonschema-draft4": "^1.0.0",
        "swagger-schema-official": "2.0.0-bab6bed"
      }
    },
    "path-is-absolute": {
      "version": "1.0.1",
      "resolved": "https://registry.npmjs.org/path-is-absolute/-/path-is-absolute-1.0.1.tgz",
      "integrity": "sha1-F0uSaHNVNP+8es5r9TpanhtcX18=",
      "dev": true
    },
    "punycode": {
      "version": "1.3.2",
      "resolved": "https://registry.npmjs.org/punycode/-/punycode-1.3.2.tgz",
      "integrity": "sha1-llOgNvt8HuQjQvIyXM7v6jkmxI0=",
      "dev": true
    },
    "qs": {
      "version": "6.7.0",
      "resolved": "https://registry.npmjs.org/qs/-/qs-6.7.0.tgz",
      "integrity": "sha512-VCdBRNFTX1fyE7Nb6FYoURo/SPe62QCaAyzJvUjwRaIsc+NePBEniHlvxFmmX56+HZphIGtV0XeCirBtpDrTyQ==",
      "dev": true
    },
    "querystring": {
      "version": "0.2.0",
      "resolved": "https://registry.npmjs.org/querystring/-/querystring-0.2.0.tgz",
      "integrity": "sha1-sgmEkgO7Jd+CDadW50cAWHhSFiA=",
      "dev": true
    },
    "querystring-browser": {
      "version": "1.0.4",
      "resolved": "https://registry.npmjs.org/querystring-browser/-/querystring-browser-1.0.4.tgz",
      "integrity": "sha1-8uNYgYQKgZvHsb9Zf68JeeZiLcY=",
      "dev": true
    },
    "regenerator-runtime": {
      "version": "0.11.1",
      "resolved": "https://registry.npmjs.org/regenerator-runtime/-/regenerator-runtime-0.11.1.tgz",
      "integrity": "sha512-MguG95oij0fC3QV3URf4V2SDYGJhJnJGqvIIgdECeODCT98wSWDAJ94SSuVpYQUoTcGUIL6L4yNB7j1DFFHSBg==",
      "dev": true
    },
    "safer-buffer": {
      "version": "2.1.2",
      "resolved": "https://registry.npmjs.org/safer-buffer/-/safer-buffer-2.1.2.tgz",
      "integrity": "sha512-YZo3K82SD7Riyi0E1EQPojLz7kpepnSQI9IyPbHHg1XXXevb5dJI7tpyN2ADxGcQbHG7vcyRHk0cbwqcQriUtg==",
      "dev": true
    },
    "sprintf-js": {
      "version": "1.0.3",
      "resolved": "https://registry.npmjs.org/sprintf-js/-/sprintf-js-1.0.3.tgz",
      "integrity": "sha1-BOaSb2YolTVPPdAVIDYzuFcpfiw=",
      "dev": true
    },
    "swagger-client": {
      "version": "3.8.25",
      "resolved": "https://registry.npmjs.org/swagger-client/-/swagger-client-3.8.25.tgz",
      "integrity": "sha512-7ZtSSPnempsUbCAOJCQ6PyGaNkRoCm6ghOpJlI62ChfMGbLWtlOm8dLlgYiTkP9OAWuNHoRoTzOW14+QmZY1HA==",
      "dev": true,
      "requires": {
        "@kyleshockey/js-yaml": "^1.0.1",
        "@kyleshockey/object-assign-deep": "^0.4.0",
        "babel-runtime": "^6.26.0",
        "btoa": "1.1.2",
        "buffer": "^5.1.0",
        "cookie": "^0.3.1",
        "cross-fetch": "0.0.8",
        "deep-extend": "^0.5.1",
        "encode-3986": "^1.0.0",
        "fast-json-patch": "^2.0.6",
        "isomorphic-form-data": "0.0.1",
        "lodash": "^4.16.2",
        "qs": "^6.3.0",
        "querystring-browser": "^1.0.4",
        "url": "^0.11.0",
        "utf8-bytes": "0.0.1",
        "utfstring": "^2.0.0"
      }
    },
    "swagger-schema-official": {
      "version": "2.0.0-bab6bed",
      "resolved": "https://registry.npmjs.org/swagger-schema-official/-/swagger-schema-official-2.0.0-bab6bed.tgz",
      "integrity": "sha1-cAcEaNbSl3ylI3suUZyn0Gouo/0=",
      "dev": true
    },
    "url": {
      "version": "0.11.0",
      "resolved": "https://registry.npmjs.org/url/-/url-0.11.0.tgz",
      "integrity": "sha1-ODjpfPxgUh63PFJajlW/3Z4uKPE=",
      "dev": true,
      "requires": {
        "punycode": "1.3.2",
        "querystring": "0.2.0"
      }
    },
    "utf8-bytes": {
      "version": "0.0.1",
      "resolved": "https://registry.npmjs.org/utf8-bytes/-/utf8-bytes-0.0.1.tgz",
      "integrity": "sha1-EWsCVEjJtQAIHN+/H01sbDfYg30=",
      "dev": true
    },
    "utfstring": {
      "version": "2.0.0",
      "resolved": "https://registry.npmjs.org/utfstring/-/utfstring-2.0.0.tgz",
      "integrity": "sha512-/ugBfyvIoLe9xqkFHio3CxXnpUKQ1p2LfTxPr6QTRj6GiwpHo73YGdh03UmAzDQNOWpNIE0J5nLss00L4xlWgg==",
      "dev": true
    },
    "whatwg-fetch": {
      "version": "2.0.3",
      "resolved": "https://registry.npmjs.org/whatwg-fetch/-/whatwg-fetch-2.0.3.tgz",
      "integrity": "sha1-nITsLc9oGH/wC8ZOEnS0QhduHIQ=",
      "dev": true
    },
    "wrappy": {
      "version": "1.0.2",
      "resolved": "https://registry.npmjs.org/wrappy/-/wrappy-1.0.2.tgz",
      "integrity": "sha1-tSQ9jz7BqjXxNkYFvA0QNuMKtp8=",
      "dev": true
    },
    "yamljs": {
      "version": "0.3.0",
      "resolved": "https://registry.npmjs.org/yamljs/-/yamljs-0.3.0.tgz",
      "integrity": "sha512-C/FsVVhht4iPQYXOInoxUM/1ELSf9EsgKH34FofQOp6hwCPrW4vG4w5++TED3xRUo8gD7l0P1J1dLlDYzODsTQ==",
      "dev": true,
      "requires": {
        "argparse": "^1.0.7",
        "glob": "^7.0.5"
      }
    }
  }
}
